
Microsoft Visual Studio Solution File, Format Version 12.00
# Visual Studio 14
VisualStudioVersion = 14.0.25420.1
MinimumVisualStudioVersion = 10.0.40219.1
Project("{FAE04EC0-301F-11D3-BF4B-00C04F79EFBC}") = "MVC-Shop.Core", "MVC-Shop.Core\MVC-Shop.Core.csproj", "{34CAF5BC-9696-4073-B4BE-EAF83C6F503C}"
EndProject
Project("{FAE04EC0-301F-11D3-BF4B-00C04F79EFBC}") = "MVC-Shop.Services", "MVC-Shop.Services\MVC-Shop.Services.csproj", "{A5801E47-8CB7-4645-9D5D-DDC6CDC17777}"
EndProject
Project("{FAE04EC0-301F-11D3-BF4B-00C04F79EFBC}") = "MVC-Shop.DataAccess.SQL", "MVC-Shop.DataAccess.SQL\MVC-Shop.DataAccess.SQL.csproj", "{B8F5412A-D3FC-48F3-B224-69C2BEB16A67}"
EndProject
Project("{FAE04EC0-301F-11D3-BF4B-00C04F79EFBC}") = "MVC-Shop.DataAccess.InMemory", "MVC-Shop.DataAccess.InMemory\MVC-Shop.DataAccess.InMemory.csproj", "{F2AC8DDB-B160-4595-839F-1F0E311267D0}"
EndProject
Project("{FAE04EC0-301F-11D3-BF4B-00C04F79EFBC}") = "MVC-Shop.WebUI", "MVC-Shop.WebUI\MVC-Shop.WebUI.csproj", "{C3029C7E-9654-4A5A-9915-B157073758F3}"
EndProject
Project("{FAE04EC0-301F-11D3-BF4B-00C04F79EFBC}") = "MVC-Shop.WebUI.Tests", "MVC-Shop.WebUI.Tests\MVC-Shop.WebUI.Tests.csproj", "{EBFE06D0-0474-4E83-9FEE-C9F89E30429F}"
EndProject
Global
	GlobalSection(SolutionConfigurationPlatforms) = preSolution
		Debug|Any CPU = Debug|Any CPU
		Release|Any CPU = Release|Any CPU
	EndGlobalSection
	GlobalSection(ProjectConfigurationPlatforms) = postSolution
		{34CAF5BC-9696-4073-B4BE-EAF83C6F503C}.Debug|Any CPU.ActiveCfg = Debug|Any CPU
		{34CAF5BC-9696-4073-B4BE-EAF83C6F503C}.Debug|Any CPU.Build.0 = Debug|Any CPU
		{34CAF5BC-9696-4073-B4BE-EAF83C6F503C}.Release|Any CPU.ActiveCfg = Release|Any CPU
		{34CAF5BC-9696-4073-B4BE-EAF83C6F503C}.Release|Any CPU.Build.0 = Release|Any CPU
		{A5801E47-8CB7-4645-9D5D-DDC6CDC17777}.Debug|Any CPU.ActiveCfg = Debug|Any CPU
		{A5801E47-8CB7-4645-9D5D-DDC6CDC17777}.Debug|Any CPU.Build.0 = Debug|Any CPU
		{A5801E47-8CB7-4645-9D5D-DDC6CDC17777}.Release|Any CPU.ActiveCfg = Release|Any CPU
		{A5801E47-8CB7-4645-9D5D-DDC6CDC17777}.Release|Any CPU.Build.0 = Release|Any CPU
		{B8F5412A-D3FC-48F3-B224-69C2BEB16A67}.Debug|Any CPU.ActiveCfg = Debug|Any CPU
		{B8F5412A-D3FC-48F3-B224-69C2BEB16A67}.Debug|Any CPU.Build.0 = Debug|Any CPU
		{B8F5412A-D3FC-48F3-B224-69C2BEB16A67}.Release|Any CPU.ActiveCfg = Release|Any CPU
		{B8F5412A-D3FC-48F3-B224-69C2BEB16A67}.Release|Any CPU.Build.0 = Release|Any CPU
		{F2AC8DDB-B160-4595-839F-1F0E311267D0}.Debug|Any CPU.ActiveCfg = Debug|Any CPU
		{F2AC8DDB-B160-4595-839F-1F0E311267D0}.Debug|Any CPU.Build.0 = Debug|Any CPU
		{F2AC8DDB-B160-4595-839F-1F0E311267D0}.Release|Any CPU.ActiveCfg = Release|Any CPU
		{F2AC8DDB-B160-4595-839F-1F0E311267D0}.Release|Any CPU.Build.0 = Release|Any CPU
		{C3029C7E-9654-4A5A-9915-B157073758F3}.Debug|Any CPU.ActiveCfg = Debug|Any CPU
		{C3029C7E-9654-4A5A-9915-B157073758F3}.Debug|Any CPU.Build.0 = Debug|Any CPU
		{C3029C7E-9654-4A5A-9915-B157073758F3}.Release|Any CPU.ActiveCfg = Release|Any CPU
		{C3029C7E-9654-4A5A-9915-B157073758F3}.Release|Any CPU.Build.0 = Release|Any CPU
		{EBFE06D0-0474-4E83-9FEE-C9F89E30429F}.Debug|Any CPU.ActiveCfg = Debug|Any CPU
		{EBFE06D0-0474-4E83-9FEE-C9F89E30429F}.Debug|Any CPU.Build.0 = Debug|Any CPU
		{EBFE06D0-0474-4E83-9FEE-C9F89E30429F}.Release|Any CPU.ActiveCfg = Release|Any CPU
		{EBFE06D0-0474-4E83-9FEE-C9F89E30429F}.Release|Any CPU.Build.0 = Release|Any CPU
	EndGlobalSection
	GlobalSection(SolutionProperties) = preSolution
		HideSolutionNode = FALSE
	EndGlobalSection
EndGlobal
